
Microsoft Visual Studio Solution File, Format Version 12.00
# Blend for Visual Studio Version 16
VisualStudioVersion = 16.0.30907.101
MinimumVisualStudioVersion = 10.0.40219.1
Project("{FAE04EC0-301F-11D3-BF4B-00C04F79EFBC}") = "WPF_XuZhou", "WPF_XuZhou\WPF_XuZhou.csproj", "{4CF6CF1D-1F39-4D09-9D38-970B7DD9C1FB}"
EndProject
Global
	GlobalSection(SolutionConfigurationPlatforms) = preSolution
		Debug|Any CPU = Debug|Any CPU
		Release|Any CPU = Release|Any CPU
	EndGlobalSection
	GlobalSection(ProjectConfigurationPlatforms) = postSolution
		{4CF6CF1D-1F39-4D09-9D38-970B7DD9C1FB}.Debug|Any CPU.ActiveCfg = Debug|Any CPU
		{4CF6CF1D-1F39-4D09-9D38-970B7DD9C1FB}.Debug|Any CPU.Build.0 = Debug|Any CPU
		{4CF6CF1D-1F39-4D09-9D38-970B7DD9C1FB}.Release|Any CPU.ActiveCfg = Release|Any CPU
		{4CF6CF1D-1F39-4D09-9D38-970B7DD9C1FB}.Release|Any CPU.Build.0 = Release|Any CPU
	EndGlobalSection
	GlobalSection(SolutionProperties) = preSolution
		HideSolutionNode = FALSE
	EndGlobalSection
	GlobalSection(ExtensibilityGlobals) = postSolution
		SolutionGuid = {A24E1814-70F0-4C5A-A30E-037213AEF1DB}
	EndGlobalSection
EndGlobal
